{
  "name": "technopolis-reinforcement-learning-2",
  "version": "0.0.1",
  "lockfileVersion": 3,
  "requires": true,
  "packages": {
    "": {
      "name": "technopolis-reinforcement-learning-2",
      "version": "0.0.1",
      "dependencies": {
        "@fontsource/exo": "^5.0.18",
        "degit": "^2.8.4"
      }
    },
    "node_modules/@fontsource/exo": {
      "version": "5.0.18",
      "resolved": "https://registry.npmjs.org/@fontsource/exo/-/exo-5.0.18.tgz",
      "integrity": "sha512-YQNR/1HGqpvMLez77YwrYXW5dsOdwIVS9fSomG7YVrRePwqNBpVgL3vqcYhfzdKaerZ1WIClV0hCU+A+FQkBow==",
      "license": "OFL-1.1"
    },
    "node_modules/degit": {
      "version": "2.8.4",
      "resolved": "https://registry.npmjs.org/degit/-/degit-2.8.4.tgz",
      "integrity": "sha512-vqYuzmSA5I50J882jd+AbAhQtgK6bdKUJIex1JNfEUPENCgYsxugzKVZlFyMwV4i06MmnV47/Iqi5Io86zf3Ng==",
      "license": "MIT",
      "bin": {
        "degit": "degit"
      },
      "engines": {
        "node": ">=8.0.0"
      }
    }
  }
}
